{
    "_readme": [
        "This file locks the dependencies of your project to a known state",
        "Read more about it at https://getcomposer.org/doc/01-basic-usage.md#composer-lock-the-lock-file",
        "This file is @generated automatically"
    ],
    "content-hash": "f4d84712ce84c720a7a1747c9e0b2456",
    "packages": [
        {
            "name": "goma/goma-test-core",
            "version": "dev-master",
            "source": {
                "type": "git",
                "url": "https://github.com/gomaframework/GomaUnitTest.git",
                "reference": "d9b71151e3837586501b482cddb19cec1424a138"
            },
            "dist": {
                "type": "zip",
                "url": "https://api.github.com/repos/gomaframework/GomaUnitTest/zipball/d9b71151e3837586501b482cddb19cec1424a138",
                "reference": "d9b71151e3837586501b482cddb19cec1424a138",
                "shasum": ""
            },
            "require": {
                "php": ">=5.5.0"
            },
            "type": "library",
            "autoload": {
                "psr-4": {
                    "": "src/"
                }
            },
            "notification-url": "https://packagist.org/downloads/",
            "license": [
                "LGPL-3.0"
            ],
            "authors": [
                {
                    "name": "Goma Team",
                    "email": "team@goma-cms.org"
                }
            ],
            "description": "GomaUnitTest is a wrapper class to support PHP 5 and PHP 7 for tests. In addition it gives some helper asserts.",
            "time": "2017-08-13 23:25:35"
        }
    ],
    "packages-dev": [],
    "aliases": [],
    "minimum-stability": "dev",
    "stability-flags": {
        "goma/goma-test-core": 20
    },
    "prefer-stable": false,
    "prefer-lowest": false,
    "platform": {
        "php": ">=5.5.0"
    },
    "platform-dev": []
}
