{
    "_readme": [
        "This file locks the dependencies of your project to a known state",
        "Read more about it at https://getcomposer.org/doc/01-basic-usage.md#composer-lock-the-lock-file",
        "This file is @generated automatically"
    ],
    "content-hash": "a95836bb2acb41017a167c1867db9b0a",
    "packages": [
        {
            "name": "goma/goma-env",
            "version": "dev-master",
            "source": {
                "type": "git",
                "url": "https://github.com/gomaframework/Goma-ENV.git",
                "reference": "084e81f0b57d094d691a7041c58b63f79b100992"
            },
            "dist": {
                "type": "zip",
                "url": "https://api.github.com/repos/gomaframework/Goma-ENV/zipball/084e81f0b57d094d691a7041c58b63f79b100992",
                "reference": "084e81f0b57d094d691a7041c58b63f79b100992",
                "shasum": ""
            },
            "require": {
                "goma/goma-test-core": "dev-master",
                "php": ">=5.5.0"
            },
            "type": "library",
            "autoload": {
                "psr-4": {
                    "Goma\\ENV\\": "src/"
                },
                "files": [
                    "src/DefineENV.php"
                ]
            },
            "notification-url": "https://packagist.org/downloads/",
            "license": [
                "LGPL-3.0"
            ],
            "authors": [
                {
                    "name": "Goma Team",
                    "email": "team@goma-cms.org"
                }
            ],
            "description": "Goma ENV provides some basic concepts for PHP applications: Constants about FileSystem, central storage directory, cache directory as well as functions to get infos about the current environment.",
            "time": "2017-08-17 00:14:50"
        },
        {
            "name": "goma/goma-test-core",
            "version": "dev-master",
            "source": {
                "type": "git",
                "url": "https://github.com/gomaframework/GomaUnitTest.git",
                "reference": "d9b71151e3837586501b482cddb19cec1424a138"
            },
            "dist": {
                "type": "zip",
                "url": "https://api.github.com/repos/gomaframework/GomaUnitTest/zipball/d9b71151e3837586501b482cddb19cec1424a138",
                "reference": "d9b71151e3837586501b482cddb19cec1424a138",
                "shasum": ""
            },
            "require": {
                "php": ">=5.5.0"
            },
            "type": "library",
            "autoload": {
                "psr-4": {
                    "": "src/"
                }
            },
            "notification-url": "https://packagist.org/downloads/",
            "license": [
                "LGPL-3.0"
            ],
            "authors": [
                {
                    "name": "Goma Team",
                    "email": "team@goma-cms.org"
                }
            ],
            "description": "GomaUnitTest is a wrapper class to support PHP 5 and PHP 7 for tests. In addition it gives some helper asserts.",
            "time": "2017-08-13 23:25:35"
        }
    ],
    "packages-dev": [],
    "aliases": [],
    "minimum-stability": "dev",
    "stability-flags": {
        "goma/goma-env": 20,
        "goma/goma-test-core": 20
    },
    "prefer-stable": false,
    "prefer-lowest": false,
    "platform": {
        "php": ">=5.5.0"
    },
    "platform-dev": []
}
